// !$*UTF8*$!
{
	archiveVersion = 1;
	classes = {
	};
	objectVersion = 46;
	objects = {

/* Begin PBXBuildFile section */
		C906190B190BAB1D00505EA8 /* Globals.cpp in Sources */ = {isa = PBXBuildFile; fileRef = C90618FF190BAB1D00505EA8 /* Globals.cpp */; };
		C906190C190BAB1D00505EA8 /* ObjectTrackingClass.cpp in Sources */ = {isa = PBXBuildFile; fileRef = C9061901190BAB1D00505EA8 /* ObjectTrackingClass.cpp */; };
		C906190D190BAB1D00505EA8 /* ObjectTrackingSample.cpp in Sources */ = {isa = PBXBuildFile; fileRef = C9061903190BAB1D00505EA8 /* ObjectTrackingSample.cpp */; };
		C906190E190BAB1D00505EA8 /* SampleBase.cpp in Sources */ = {isa = PBXBuildFile; fileRef = C9061905190BAB1D00505EA8 /* SampleBase.cpp */; };
		C906190F190BAB1D00505EA8 /* SampleOptions.cpp in Sources */ = {isa = PBXBuildFile; fileRef = C9061907190BAB1D00505EA8 /* SampleOptions.cpp */; };
		C9061910190BAB1D00505EA8 /* VideoTracking.cpp in Sources */ = {isa = PBXBuildFile; fileRef = C9061909190BAB1D00505EA8 /* VideoTracking.cpp */; };
		C9BB97B0190A4855001F36C1 /* b2BroadPhase.cpp in Sources */ = {isa = PBXBuildFile; fileRef = C9BB974E190A4855001F36C1 /* b2BroadPhase.cpp */; };
		C9BB97B1190A4855001F36C1 /* b2CollideCircle.cpp in Sources */ = {isa = PBXBuildFile; fileRef = C9BB9750190A4855001F36C1 /* b2CollideCircle.cpp */; };
		C9BB97B2190A4855001F36C1 /* b2CollideEdge.cpp in Sources */ = {isa = PBXBuildFile; fileRef = C9BB9751190A4855001F36C1 /* b2CollideEdge.cpp */; };
		C9BB97B3190A4855001F36C1 /* b2CollidePolygon.cpp in Sources */ = {isa = PBXBuildFile; fileRef = C9BB9752190A4855001F36C1 /* b2CollidePolygon.cpp */; };
		C9BB97B4190A4855001F36C1 /* b2Collision.cpp in Sources */ = {isa = PBXBuildFile; fileRef = C9BB9753190A4855001F36C1 /* b2Collision.cpp */; };
		C9BB97B5190A4855001F36C1 /* b2Distance.cpp in Sources */ = {isa = PBXBuildFile; fileRef = C9BB9755190A4855001F36C1 /* b2Distance.cpp */; };
		C9BB97B6190A4855001F36C1 /* b2DynamicTree.cpp in Sources */ = {isa = PBXBuildFile; fileRef = C9BB9757190A4855001F36C1 /* b2DynamicTree.cpp */; };
		C9BB97B7190A4855001F36C1 /* b2TimeOfImpact.cpp in Sources */ = {isa = PBXBuildFile; fileRef = C9BB9759190A4855001F36C1 /* b2TimeOfImpact.cpp */; };
		C9BB97B8190A4855001F36C1 /* b2ChainShape.cpp in Sources */ = {isa = PBXBuildFile; fileRef = C9BB975C190A4855001F36C1 /* b2ChainShape.cpp */; };
		C9BB97B9190A4855001F36C1 /* b2CircleShape.cpp in Sources */ = {isa = PBXBuildFile; fileRef = C9BB975E190A4855001F36C1 /* b2CircleShape.cpp */; };
		C9BB97BA190A4855001F36C1 /* b2EdgeShape.cpp in Sources */ = {isa = PBXBuildFile; fileRef = C9BB9760190A4855001F36C1 /* b2EdgeShape.cpp */; };
		C9BB97BB190A4855001F36C1 /* b2PolygonShape.cpp in Sources */ = {isa = PBXBuildFile; fileRef = C9BB9762190A4855001F36C1 /* b2PolygonShape.cpp */; };
		C9BB97BC190A4855001F36C1 /* b2BlockAllocator.cpp in Sources */ = {isa = PBXBuildFile; fileRef = C9BB9766190A4855001F36C1 /* b2BlockAllocator.cpp */; };
		C9BB97BD190A4855001F36C1 /* b2Draw.cpp in Sources */ = {isa = PBXBuildFile; fileRef = C9BB9768190A4855001F36C1 /* b2Draw.cpp */; };
		C9BB97BE190A4855001F36C1 /* b2Math.cpp in Sources */ = {isa = PBXBuildFile; fileRef = C9BB976B190A4855001F36C1 /* b2Math.cpp */; };
		C9BB97BF190A4855001F36C1 /* b2Settings.cpp in Sources */ = {isa = PBXBuildFile; fileRef = C9BB976D190A4855001F36C1 /* b2Settings.cpp */; };
		C9BB97C0190A4855001F36C1 /* b2StackAllocator.cpp in Sources */ = {isa = PBXBuildFile; fileRef = C9BB976F190A4855001F36C1 /* b2StackAllocator.cpp */; };
		C9BB97C1190A4855001F36C1 /* b2Timer.cpp in Sources */ = {isa = PBXBuildFile; fileRef = C9BB9771190A4855001F36C1 /* b2Timer.cpp */; };
		C9BB97C2190A4855001F36C1 /* b2Body.cpp in Sources */ = {isa = PBXBuildFile; fileRef = C9BB9774190A4855001F36C1 /* b2Body.cpp */; };
		C9BB97C3190A4855001F36C1 /* b2ContactManager.cpp in Sources */ = {isa = PBXBuildFile; fileRef = C9BB9776190A4855001F36C1 /* b2ContactManager.cpp */; };
		C9BB97C4190A4855001F36C1 /* b2Fixture.cpp in Sources */ = {isa = PBXBuildFile; fileRef = C9BB9778190A4855001F36C1 /* b2Fixture.cpp */; };
		C9BB97C5190A4855001F36C1 /* b2Island.cpp in Sources */ = {isa = PBXBuildFile; fileRef = C9BB977A190A4855001F36C1 /* b2Island.cpp */; };
		C9BB97C6190A4855001F36C1 /* b2World.cpp in Sources */ = {isa = PBXBuildFile; fileRef = C9BB977D190A4855001F36C1 /* b2World.cpp */; };
		C9BB97C7190A4855001F36C1 /* b2WorldCallbacks.cpp in Sources */ = {isa = PBXBuildFile; fileRef = C9BB977F190A4855001F36C1 /* b2WorldCallbacks.cpp */; };
		C9BB97C8190A4855001F36C1 /* b2ChainAndCircleContact.cpp in Sources */ = {isa = PBXBuildFile; fileRef = C9BB9782190A4855001F36C1 /* b2ChainAndCircleContact.cpp */; };
		C9BB97C9190A4855001F36C1 /* b2ChainAndPolygonContact.cpp in Sources */ = {isa = PBXBuildFile; fileRef = C9BB9784190A4855001F36C1 /* b2ChainAndPolygonContact.cpp */; };
		C9BB97CA190A4855001F36C1 /* b2CircleContact.cpp in Sources */ = {isa = PBXBuildFile; fileRef = C9BB9786190A4855001F36C1 /* b2CircleContact.cpp */; };
		C9BB97CB190A4855001F36C1 /* b2Contact.cpp in Sources */ = {isa = PBXBuildFile; fileRef = C9BB9788190A4855001F36C1 /* b2Contact.cpp */; };
		C9BB97CC190A4855001F36C1 /* b2ContactSolver.cpp in Sources */ = {isa = PBXBuildFile; fileRef = C9BB978A190A4855001F36C1 /* b2ContactSolver.cpp */; };
		C9BB97CD190A4855001F36C1 /* b2EdgeAndCircleContact.cpp in Sources */ = {isa = PBXBuildFile; fileRef = C9BB978C190A4855001F36C1 /* b2EdgeAndCircleContact.cpp */; };
		C9BB97CE190A4855001F36C1 /* b2EdgeAndPolygonContact.cpp in Sources */ = {isa = PBXBuildFile; fileRef = C9BB978E190A4855001F36C1 /* b2EdgeAndPolygonContact.cpp */; };
		C9BB97CF190A4855001F36C1 /* b2PolygonAndCircleContact.cpp in Sources */ = {isa = PBXBuildFile; fileRef = C9BB9790190A4855001F36C1 /* b2PolygonAndCircleContact.cpp */; };
		C9BB97D0190A4855001F36C1 /* b2PolygonContact.cpp in Sources */ = {isa = PBXBuildFile; fileRef = C9BB9792190A4855001F36C1 /* b2PolygonContact.cpp */; };
		C9BB97D1190A4855001F36C1 /* b2DistanceJoint.cpp in Sources */ = {isa = PBXBuildFile; fileRef = C9BB9795190A4855001F36C1 /* b2DistanceJoint.cpp */; };
		C9BB97D2190A4855001F36C1 /* b2FrictionJoint.cpp in Sources */ = {isa = PBXBuildFile; fileRef = C9BB9797190A4855001F36C1 /* b2FrictionJoint.cpp */; };
		C9BB97D3190A4855001F36C1 /* b2GearJoint.cpp in Sources */ = {isa = PBXBuildFile; fileRef = C9BB9799190A4855001F36C1 /* b2GearJoint.cpp */; };
		C9BB97D4190A4855001F36C1 /* b2Joint.cpp in Sources */ = {isa = PBXBuildFile; fileRef = C9BB979B190A4855001F36C1 /* b2Joint.cpp */; };
		C9BB97D5190A4855001F36C1 /* b2MotorJoint.cpp in Sources */ = {isa = PBXBuildFile; fileRef = C9BB979D190A4855001F36C1 /* b2MotorJoint.cpp */; };
		C9BB97D6190A4855001F36C1 /* b2MouseJoint.cpp in Sources */ = {isa = PBXBuildFile; fileRef = C9BB979F190A4855001F36C1 /* b2MouseJoint.cpp */; };
		C9BB97D7190A4855001F36C1 /* b2PrismaticJoint.cpp in Sources */ = {isa = PBXBuildFile; fileRef = C9BB97A1190A4855001F36C1 /* b2PrismaticJoint.cpp */; };
		C9BB97D8190A4855001F36C1 /* b2PulleyJoint.cpp in Sources */ = {isa = PBXBuildFile; fileRef = C9BB97A3190A4855001F36C1 /* b2PulleyJoint.cpp */; };
		C9BB97D9190A4855001F36C1 /* b2RevoluteJoint.cpp in Sources */ = {isa = PBXBuildFile; fileRef = C9BB97A5190A4855001F36C1 /* b2RevoluteJoint.cpp */; };
		C9BB97DA190A4855001F36C1 /* b2RopeJoint.cpp in Sources */ = {isa = PBXBuildFile; fileRef = C9BB97A7190A4855001F36C1 /* b2RopeJoint.cpp */; };
		C9BB97DB190A4855001F36C1 /* b2WeldJoint.cpp in Sources */ = {isa = PBXBuildFile; fileRef = C9BB97A9190A4855001F36C1 /* b2WeldJoint.cpp */; };
		C9BB97DC190A4855001F36C1 /* b2WheelJoint.cpp in Sources */ = {isa = PBXBuildFile; fileRef = C9BB97AB190A4855001F36C1 /* b2WheelJoint.cpp */; };
		C9BB97DD190A4855001F36C1 /* b2Rope.cpp in Sources */ = {isa = PBXBuildFile; fileRef = C9BB97AE190A4855001F36C1 /* b2Rope.cpp */; };
		C9F4CABE18C3C1BA0020D812 /* Foundation.framework in Frameworks */ = {isa = PBXBuildFile; fileRef = C9F4CABD18C3C1BA0020D812 /* Foundation.framework */; };
		C9F4CAC018C3C1BA0020D812 /* CoreGraphics.framework in Frameworks */ = {isa = PBXBuildFile; fileRef = C9F4CABF18C3C1BA0020D812 /* CoreGraphics.framework */; };
		C9F4CAC218C3C1BA0020D812 /* UIKit.framework in Frameworks */ = {isa = PBXBuildFile; fileRef = C9F4CAC118C3C1BA0020D812 /* UIKit.framework */; };
		C9F4CAC818C3C1BA0020D812 /* InfoPlist.strings in Resources */ = {isa = PBXBuildFile; fileRef = C9F4CAC618C3C1BA0020D812 /* InfoPlist.strings */; };
		C9F4CACA18C3C1BA0020D812 /* main.m in Sources */ = {isa = PBXBuildFile; fileRef = C9F4CAC918C3C1BA0020D812 /* main.m */; };
		C9F4CACE18C3C1BA0020D812 /* AppDelegate.m in Sources */ = {isa = PBXBuildFile; fileRef = C9F4CACD18C3C1BA0020D812 /* AppDelegate.m */; };
		C9F4CAD118C3C1BA0020D812 /* Main.storyboard in Resources */ = {isa = PBXBuildFile; fileRef = C9F4CACF18C3C1BA0020D812 /* Main.storyboard */; };
		C9F4CAD418C3C1BA0020D812 /* ViewController.mm in Sources */ = {isa = PBXBuildFile; fileRef = C9F4CAD318C3C1BA0020D812 /* ViewController.mm */; };
		C9F4CAD618C3C1BA0020D812 /* Images.xcassets in Resources */ = {isa = PBXBuildFile; fileRef = C9F4CAD518C3C1BA0020D812 /* Images.xcassets */; };
		C9F4CADD18C3C1BA0020D812 /* XCTest.framework in Frameworks */ = {isa = PBXBuildFile; fileRef = C9F4CADC18C3C1BA0020D812 /* XCTest.framework */; };
		C9F4CADE18C3C1BA0020D812 /* Foundation.framework in Frameworks */ = {isa = PBXBuildFile; fileRef = C9F4CABD18C3C1BA0020D812 /* Foundation.framework */; };
		C9F4CADF18C3C1BA0020D812 /* UIKit.framework in Frameworks */ = {isa = PBXBuildFile; fileRef = C9F4CAC118C3C1BA0020D812 /* UIKit.framework */; };
		C9F4CAE718C3C1BA0020D812 /* InfoPlist.strings in Resources */ = {isa = PBXBuildFile; fileRef = C9F4CAE518C3C1BA0020D812 /* InfoPlist.strings */; };
		C9F4CAE918C3C1BA0020D812 /* OpenCVTestTests.m in Sources */ = {isa = PBXBuildFile; fileRef = C9F4CAE818C3C1BA0020D812 /* OpenCVTestTests.m */; };
		C9F4CAF318C3C4480020D812 /* opencv2.framework in Frameworks */ = {isa = PBXBuildFile; fileRef = C9F4CAF218C3C4480020D812 /* opencv2.framework */; };
		C9F4CAFB18C3DB940020D812 /* Accelerate.framework in Frameworks */ = {isa = PBXBuildFile; fileRef = C9F4CAF418C3DB940020D812 /* Accelerate.framework */; };
		C9F4CAFC18C3DB940020D812 /* AssetsLibrary.framework in Frameworks */ = {isa = PBXBuildFile; fileRef = C9F4CAF518C3DB940020D812 /* AssetsLibrary.framework */; };
		C9F4CAFD18C3DB940020D812 /* AVFoundation.framework in Frameworks */ = {isa = PBXBuildFile; fileRef = C9F4CAF618C3DB940020D812 /* AVFoundation.framework */; };
		C9F4CAFE18C3DB940020D812 /* CoreImage.framework in Frameworks */ = {isa = PBXBuildFile; fileRef = C9F4CAF718C3DB940020D812 /* CoreImage.framework */; };
		C9F4CAFF18C3DB940020D812 /* CoreMedia.framework in Frameworks */ = {isa = PBXBuildFile; fileRef = C9F4CAF818C3DB940020D812 /* CoreMedia.framework */; };
		C9F4CB0018C3DB940020D812 /* CoreVideo.framework in Frameworks */ = {isa = PBXBuildFile; fileRef = C9F4CAF918C3DB940020D812 /* CoreVideo.framework */; };
		C9F4CB0118C3DB940020D812 /* QuartzCore.framework in Frameworks */ = {isa = PBXBuildFile; fileRef = C9F4CAFA18C3DB940020D812 /* QuartzCore.framework */; };
		C9F4CB0318C3E17D0020D812 /* libz.dylib in Frameworks */ = {isa = PBXBuildFile; fileRef = C9F4CB0218C3E17D0020D812 /* libz.dylib */; };
/* End PBXBuildFile section */

/* Begin PBXContainerItemProxy section */
		C9F4CAE018C3C1BA0020D812 /* PBXContainerItemProxy */ = {
			isa = PBXContainerItemProxy;
			containerPortal = C9F4CAB218C3C1BA0020D812 /* Project object */;
			proxyType = 1;
			remoteGlobalIDString = C9F4CAB918C3C1BA0020D812;
			remoteInfo = OpenCVTest;
		};
/* End PBXContainerItemProxy section */

/* Begin PBXFileReference section */
		C90618FF190BAB1D00505EA8 /* Globals.cpp */ = {isa = PBXFileReference; fileEncoding = 4; lastKnownFileType = sourcecode.cpp.cpp; path = Globals.cpp; sourceTree = "<group>"; };
		C9061900190BAB1D00505EA8 /* Globals.h */ = {isa = PBXFileReference; fileEncoding = 4; lastKnownFileType = sourcecode.c.h; path = Globals.h; sourceTree = "<group>"; };
		C9061901190BAB1D00505EA8 /* ObjectTrackingClass.cpp */ = {isa = PBXFileReference; fileEncoding = 4; lastKnownFileType = sourcecode.cpp.cpp; path = ObjectTrackingClass.cpp; sourceTree = "<group>"; };
		C9061902190BAB1D00505EA8 /* ObjectTrackingClass.h */ = {isa = PBXFileReference; fileEncoding = 4; lastKnownFileType = sourcecode.c.h; path = ObjectTrackingClass.h; sourceTree = "<group>"; };
		C9061903190BAB1D00505EA8 /* ObjectTrackingSample.cpp */ = {isa = PBXFileReference; fileEncoding = 4; lastKnownFileType = sourcecode.cpp.cpp; path = ObjectTrackingSample.cpp; sourceTree = "<group>"; };
		C9061904190BAB1D00505EA8 /* ObjectTrackingSample.h */ = {isa = PBXFileReference; fileEncoding = 4; lastKnownFileType = sourcecode.c.h; path = ObjectTrackingSample.h; sourceTree = "<group>"; };
		C9061905190BAB1D00505EA8 /* SampleBase.cpp */ = {isa = PBXFileReference; fileEncoding = 4; lastKnownFileType = sourcecode.cpp.cpp; path = SampleBase.cpp; sourceTree = "<group>"; };
		C9061906190BAB1D00505EA8 /* SampleBase.h */ = {isa = PBXFileReference; fileEncoding = 4; lastKnownFileType = sourcecode.c.h; path = SampleBase.h; sourceTree = "<group>"; };
		C9061907190BAB1D00505EA8 /* SampleOptions.cpp */ = {isa = PBXFileReference; fileEncoding = 4; lastKnownFileType = sourcecode.cpp.cpp; path = SampleOptions.cpp; sourceTree = "<group>"; };
		C9061908190BAB1D00505EA8 /* SampleOptions.h */ = {isa = PBXFileReference; fileEncoding = 4; lastKnownFileType = sourcecode.c.h; path = SampleOptions.h; sourceTree = "<group>"; };
		C9061909190BAB1D00505EA8 /* VideoTracking.cpp */ = {isa = PBXFileReference; fileEncoding = 4; lastKnownFileType = sourcecode.cpp.cpp; path = VideoTracking.cpp; sourceTree = "<group>"; };
		C906190A190BAB1D00505EA8 /* VideoTracking.hpp */ = {isa = PBXFileReference; fileEncoding = 4; lastKnownFileType = sourcecode.cpp.h; path = VideoTracking.hpp; sourceTree = "<group>"; };
		C9BB974C190A4855001F36C1 /* Box2D.h */ = {isa = PBXFileReference; fileEncoding = 4; lastKnownFileType = sourcecode.c.h; path = Box2D.h; sourceTree = "<group>"; };
		C9BB974E190A4855001F36C1 /* b2BroadPhase.cpp */ = {isa = PBXFileReference; fileEncoding = 4; lastKnownFileType = sourcecode.cpp.cpp; path = b2BroadPhase.cpp; sourceTree = "<group>"; };
		C9BB974F190A4855001F36C1 /* b2BroadPhase.h */ = {isa = PBXFileReference; fileEncoding = 4; lastKnownFileType = sourcecode.c.h; path = b2BroadPhase.h; sourceTree = "<group>"; };
		C9BB9750190A4855001F36C1 /* b2CollideCircle.cpp */ = {isa = PBXFileReference; fileEncoding = 4; lastKnownFileType = sourcecode.cpp.cpp; path = b2CollideCircle.cpp; sourceTree = "<group>"; };
		C9BB9751190A4855001F36C1 /* b2CollideEdge.cpp */ = {isa = PBXFileReference; fileEncoding = 4; lastKnownFileType = sourcecode.cpp.cpp; path = b2CollideEdge.cpp; sourceTree = "<group>"; };
		C9BB9752190A4855001F36C1 /* b2CollidePolygon.cpp */ = {isa = PBXFileReference; fileEncoding = 4; lastKnownFileType = sourcecode.cpp.cpp; path = b2CollidePolygon.cpp; sourceTree = "<group>"; };
		C9BB9753190A4855001F36C1 /* b2Collision.cpp */ = {isa = PBXFileReference; fileEncoding = 4; lastKnownFileType = sourcecode.cpp.cpp; path = b2Collision.cpp; sourceTree = "<group>"; };
		C9BB9754190A4855001F36C1 /* b2Collision.h */ = {isa = PBXFileReference; fileEncoding = 4; lastKnownFileType = sourcecode.c.h; path = b2Collision.h; sourceTree = "<group>"; };
		C9BB9755190A4855001F36C1 /* b2Distance.cpp */ = {isa = PBXFileReference; fileEncoding = 4; lastKnownFileType = sourcecode.cpp.cpp; path = b2Distance.cpp; sourceTree = "<group>"; };
		C9BB9756190A4855001F36C1 /* b2Distance.h */ = {isa = PBXFileReference; fileEncoding = 4; lastKnownFileType = sourcecode.c.h; path = b2Distance.h; sourceTree = "<group>"; };
		C9BB9757190A4855001F36C1 /* b2DynamicTree.cpp */ = {isa = PBXFileReference; fileEncoding = 4; lastKnownFileType = sourcecode.cpp.cpp; path = b2DynamicTree.cpp; sourceTree = "<group>"; };
		C9BB9758190A4855001F36C1 /* b2DynamicTree.h */ = {isa = PBXFileReference; fileEncoding = 4; lastKnownFileType = sourcecode.c.h; path = b2DynamicTree.h; sourceTree = "<group>"; };
		C9BB9759190A4855001F36C1 /* b2TimeOfImpact.cpp */ = {isa = PBXFileReference; fileEncoding = 4; lastKnownFileType = sourcecode.cpp.cpp; path = b2TimeOfImpact.cpp; sourceTree = "<group>"; };
		C9BB975A190A4855001F36C1 /* b2TimeOfImpact.h */ = {isa = PBXFileReference; fileEncoding = 4; lastKnownFileType = sourcecode.c.h; path = b2TimeOfImpact.h; sourceTree = "<group>"; };
		C9BB975C190A4855001F36C1 /* b2ChainShape.cpp */ = {isa = PBXFileReference; fileEncoding = 4; lastKnownFileType = sourcecode.cpp.cpp; path = b2ChainShape.cpp; sourceTree = "<group>"; };
		C9BB975D190A4855001F36C1 /* b2ChainShape.h */ = {isa = PBXFileReference; fileEncoding = 4; lastKnownFileType = sourcecode.c.h; path = b2ChainShape.h; sourceTree = "<group>"; };
		C9BB975E190A4855001F36C1 /* b2CircleShape.cpp */ = {isa = PBXFileReference; fileEncoding = 4; lastKnownFileType = sourcecode.cpp.cpp; path = b2CircleShape.cpp; sourceTree = "<group>"; };
		C9BB975F190A4855001F36C1 /* b2CircleShape.h */ = {isa = PBXFileReference; fileEncoding = 4; lastKnownFileType = sourcecode.c.h; path = b2CircleShape.h; sourceTree = "<group>"; };
		C9BB9760190A4855001F36C1 /* b2EdgeShape.cpp */ = {isa = PBXFileReference; fileEncoding = 4; lastKnownFileType = sourcecode.cpp.cpp; path = b2EdgeShape.cpp; sourceTree = "<group>"; };
		C9BB9761190A4855001F36C1 /* b2EdgeShape.h */ = {isa = PBXFileReference; fileEncoding = 4; lastKnownFileType = sourcecode.c.h; path = b2EdgeShape.h; sourceTree = "<group>"; };
		C9BB9762190A4855001F36C1 /* b2PolygonShape.cpp */ = {isa = PBXFileReference; fileEncoding = 4; lastKnownFileType = sourcecode.cpp.cpp; path = b2PolygonShape.cpp; sourceTree = "<group>"; };
		C9BB9763190A4855001F36C1 /* b2PolygonShape.h */ = {isa = PBXFileReference; fileEncoding = 4; lastKnownFileType = sourcecode.c.h; path = b2PolygonShape.h; sourceTree = "<group>"; };
		C9BB9764190A4855001F36C1 /* b2Shape.h */ = {isa = PBXFileReference; fileEncoding = 4; lastKnownFileType = sourcecode.c.h; path = b2Shape.h; sourceTree = "<group>"; };
		C9BB9766190A4855001F36C1 /* b2BlockAllocator.cpp */ = {isa = PBXFileReference; fileEncoding = 4; lastKnownFileType = sourcecode.cpp.cpp; path = b2BlockAllocator.cpp; sourceTree = "<group>"; };
		C9BB9767190A4855001F36C1 /* b2BlockAllocator.h */ = {isa = PBXFileReference; fileEncoding = 4; lastKnownFileType = sourcecode.c.h; path = b2BlockAllocator.h; sourceTree = "<group>"; };
		C9BB9768190A4855001F36C1 /* b2Draw.cpp */ = {isa = PBXFileReference; fileEncoding = 4; lastKnownFileType = sourcecode.cpp.cpp; path = b2Draw.cpp; sourceTree = "<group>"; };
		C9BB9769190A4855001F36C1 /* b2Draw.h */ = {isa = PBXFileReference; fileEncoding = 4; lastKnownFileType = sourcecode.c.h; path = b2Draw.h; sourceTree = "<group>"; };
		C9BB976A190A4855001F36C1 /* b2GrowableStack.h */ = {isa = PBXFileReference; fileEncoding = 4; lastKnownFileType = sourcecode.c.h; path = b2GrowableStack.h; sourceTree = "<group>"; };
		C9BB976B190A4855001F36C1 /* b2Math.cpp */ = {isa = PBXFileReference; fileEncoding = 4; lastKnownFileType = sourcecode.cpp.cpp; path = b2Math.cpp; sourceTree = "<group>"; };
		C9BB976C190A4855001F36C1 /* b2Math.h */ = {isa = PBXFileReference; fileEncoding = 4; lastKnownFileType = sourcecode.c.h; path = b2Math.h; sourceTree = "<group>"; };
		C9BB976D190A4855001F36C1 /* b2Settings.cpp */ = {isa = PBXFileReference; fileEncoding = 4; lastKnownFileType = sourcecode.cpp.cpp; path = b2Settings.cpp; sourceTree = "<group>"; };
		C9BB976E190A4855001F36C1 /* b2Settings.h */ = {isa = PBXFileReference; fileEncoding = 4; lastKnownFileType = sourcecode.c.h; path = b2Settings.h; sourceTree = "<group>"; };
		C9BB976F190A4855001F36C1 /* b2StackAllocator.cpp */ = {isa = PBXFileReference; fileEncoding = 4; lastKnownFileType = sourcecode.cpp.cpp; path = b2StackAllocator.cpp; sourceTree = "<group>"; };
		C9BB9770190A4855001F36C1 /* b2StackAllocator.h */ = {isa = PBXFileReference; fileEncoding = 4; lastKnownFileType = sourcecode.c.h; path = b2StackAllocator.h; sourceTree = "<group>"; };
		C9BB9771190A4855001F36C1 /* b2Timer.cpp */ = {isa = PBXFileReference; fileEncoding = 4; lastKnownFileType = sourcecode.cpp.cpp; path = b2Timer.cpp; sourceTree = "<group>"; };
		C9BB9772190A4855001F36C1 /* b2Timer.h */ = {isa = PBXFileReference; fileEncoding = 4; lastKnownFileType = sourcecode.c.h; path = b2Timer.h; sourceTree = "<group>"; };
		C9BB9774190A4855001F36C1 /* b2Body.cpp */ = {isa = PBXFileReference; fileEncoding = 4; lastKnownFileType = sourcecode.cpp.cpp; path = b2Body.cpp; sourceTree = "<group>"; };
		C9BB9775190A4855001F36C1 /* b2Body.h */ = {isa = PBXFileReference; fileEncoding = 4; lastKnownFileType = sourcecode.c.h; path = b2Body.h; sourceTree = "<group>"; };
		C9BB9776190A4855001F36C1 /* b2ContactManager.cpp */ = {isa = PBXFileReference; fileEncoding = 4; lastKnownFileType = sourcecode.cpp.cpp; path = b2ContactManager.cpp; sourceTree = "<group>"; };
		C9BB9777190A4855001F36C1 /* b2ContactManager.h */ = {isa = PBXFileReference; fileEncoding = 4; lastKnownFileType = sourcecode.c.h; path = b2ContactManager.h; sourceTree = "<group>"; };
		C9BB9778190A4855001F36C1 /* b2Fixture.cpp */ = {isa = PBXFileReference; fileEncoding = 4; lastKnownFileType = sourcecode.cpp.cpp; path = b2Fixture.cpp; sourceTree = "<group>"; };
		C9BB9779190A4855001F36C1 /* b2Fixture.h */ = {isa = PBXFileReference; fileEncoding = 4; lastKnownFileType = sourcecode.c.h; path = b2Fixture.h; sourceTree = "<group>"; };
		C9BB977A190A4855001F36C1 /* b2Island.cpp */ = {isa = PBXFileReference; fileEncoding = 4; lastKnownFileType = sourcecode.cpp.cpp; path = b2Island.cpp; sourceTree = "<group>"; };
		C9BB977B190A4855001F36C1 /* b2Island.h */ = {isa = PBXFileReference; fileEncoding = 4; lastKnownFileType = sourcecode.c.h; path = b2Island.h; sourceTree = "<group>"; };
		C9BB977C190A4855001F36C1 /* b2TimeStep.h */ = {isa = PBXFileReference; fileEncoding = 4; lastKnownFileType = sourcecode.c.h; path = b2TimeStep.h; sourceTree = "<group>"; };
		C9BB977D190A4855001F36C1 /* b2World.cpp */ = {isa = PBXFileReference; fileEncoding = 4; lastKnownFileType = sourcecode.cpp.cpp; path = b2World.cpp; sourceTree = "<group>"; };
		C9BB977E190A4855001F36C1 /* b2World.h */ = {isa = PBXFileReference; fileEncoding = 4; lastKnownFileType = sourcecode.c.h; path = b2World.h; sourceTree = "<group>"; };
		C9BB977F190A4855001F36C1 /* b2WorldCallbacks.cpp */ = {isa = PBXFileReference; fileEncoding = 4; lastKnownFileType = sourcecode.cpp.cpp; path = b2WorldCallbacks.cpp; sourceTree = "<group>"; };
		C9BB9780190A4855001F36C1 /* b2WorldCallbacks.h */ = {isa = PBXFileReference; fileEncoding = 4; lastKnownFileType = sourcecode.c.h; path = b2WorldCallbacks.h; sourceTree = "<group>"; };
		C9BB9782190A4855001F36C1 /* b2ChainAndCircleContact.cpp */ = {isa = PBXFileReference; fileEncoding = 4; lastKnownFileType = sourcecode.cpp.cpp; path = b2ChainAndCircleContact.cpp; sourceTree = "<group>"; };
		C9BB9783190A4855001F36C1 /* b2ChainAndCircleContact.h */ = {isa = PBXFileReference; fileEncoding = 4; lastKnownFileType = sourcecode.c.h; path = b2ChainAndCircleContact.h; sourceTree = "<group>"; };
		C9BB9784190A4855001F36C1 /* b2ChainAndPolygonContact.cpp */ = {isa = PBXFileReference; fileEncoding = 4; lastKnownFileType = sourcecode.cpp.cpp; path = b2ChainAndPolygonContact.cpp; sourceTree = "<group>"; };
		C9BB9785190A4855001F36C1 /* b2ChainAndPolygonContact.h */ = {isa = PBXFileReference; fileEncoding = 4; lastKnownFileType = sourcecode.c.h; path = b2ChainAndPolygonContact.h; sourceTree = "<group>"; };
		C9BB9786190A4855001F36C1 /* b2CircleContact.cpp */ = {isa = PBXFileReference; fileEncoding = 4; lastKnownFileType = sourcecode.cpp.cpp; path = b2CircleContact.cpp; sourceTree = "<group>"; };
		C9BB9787190A4855001F36C1 /* b2CircleContact.h */ = {isa = PBXFileReference; fileEncoding = 4; lastKnownFileType = sourcecode.c.h; path = b2CircleContact.h; sourceTree = "<group>"; };
		C9BB9788190A4855001F36C1 /* b2Contact.cpp */ = {isa = PBXFileReference; fileEncoding = 4; lastKnownFileType = sourcecode.cpp.cpp; path = b2Contact.cpp; sourceTree = "<group>"; };
		C9BB9789190A4855001F36C1 /* b2Contact.h */ = {isa = PBXFileReference; fileEncoding = 4; lastKnownFileType = sourcecode.c.h; path = b2Contact.h; sourceTree = "<group>"; };
		C9BB978A190A4855001F36C1 /* b2ContactSolver.cpp */ = {isa = PBXFileReference; fileEncoding = 4; lastKnownFileType = sourcecode.cpp.cpp; path = b2ContactSolver.cpp; sourceTree = "<group>"; };
		C9BB978B190A4855001F36C1 /* b2ContactSolver.h */ = {isa = PBXFileReference; fileEncoding = 4; lastKnownFileType = sourcecode.c.h; path = b2ContactSolver.h; sourceTree = "<group>"; };
		C9BB978C190A4855001F36C1 /* b2EdgeAndCircleContact.cpp */ = {isa = PBXFileReference; fileEncoding = 4; lastKnownFileType = sourcecode.cpp.cpp; path = b2EdgeAndCircleContact.cpp; sourceTree = "<group>"; };
		C9BB978D190A4855001F36C1 /* b2EdgeAndCircleContact.h */ = {isa = PBXFileReference; fileEncoding = 4; lastKnownFileType = sourcecode.c.h; path = b2EdgeAndCircleContact.h; sourceTree = "<group>"; };
		C9BB978E190A4855001F36C1 /* b2EdgeAndPolygonContact.cpp */ = {isa = PBXFileReference; fileEncoding = 4; lastKnownFileType = sourcecode.cpp.cpp; path = b2EdgeAndPolygonContact.cpp; sourceTree = "<group>"; };
		C9BB978F190A4855001F36C1 /* b2EdgeAndPolygonContact.h */ = {isa = PBXFileReference; fileEncoding = 4; lastKnownFileType = sourcecode.c.h; path = b2EdgeAndPolygonContact.h; sourceTree = "<group>"; };
		C9BB9790190A4855001F36C1 /* b2PolygonAndCircleContact.cpp */ = {isa = PBXFileReference; fileEncoding = 4; lastKnownFileType = sourcecode.cpp.cpp; path = b2PolygonAndCircleContact.cpp; sourceTree = "<group>"; };
		C9BB9791190A4855001F36C1 /* b2PolygonAndCircleContact.h */ = {isa = PBXFileReference; fileEncoding = 4; lastKnownFileType = sourcecode.c.h; path = b2PolygonAndCircleContact.h; sourceTree = "<group>"; };
		C9BB9792190A4855001F36C1 /* b2PolygonContact.cpp */ = {isa = PBXFileReference; fileEncoding = 4; lastKnownFileType = sourcecode.cpp.cpp; path = b2PolygonContact.cpp; sourceTree = "<group>"; };
		C9BB9793190A4855001F36C1 /* b2PolygonContact.h */ = {isa = PBXFileReference; fileEncoding = 4; lastKnownFileType = sourcecode.c.h; path = b2PolygonContact.h; sourceTree = "<group>"; };
		C9BB9795190A4855001F36C1 /* b2DistanceJoint.cpp */ = {isa = PBXFileReference; fileEncoding = 4; lastKnownFileType = sourcecode.cpp.cpp; path = b2DistanceJoint.cpp; sourceTree = "<group>"; };
		C9BB9796190A4855001F36C1 /* b2DistanceJoint.h */ = {isa = PBXFileReference; fileEncoding = 4; lastKnownFileType = sourcecode.c.h; path = b2DistanceJoint.h; sourceTree = "<group>"; };
		C9BB9797190A4855001F36C1 /* b2FrictionJoint.cpp */ = {isa = PBXFileReference; fileEncoding = 4; lastKnownFileType = sourcecode.cpp.cpp; path = b2FrictionJoint.cpp; sourceTree = "<group>"; };
		C9BB9798190A4855001F36C1 /* b2FrictionJoint.h */ = {isa = PBXFileReference; fileEncoding = 4; lastKnownFileType = sourcecode.c.h; path = b2FrictionJoint.h; sourceTree = "<group>"; };
		C9BB9799190A4855001F36C1 /* b2GearJoint.cpp */ = {isa = PBXFileReference; fileEncoding = 4; lastKnownFileType = sourcecode.cpp.cpp; path = b2GearJoint.cpp; sourceTree = "<group>"; };
		C9BB979A190A4855001F36C1 /* b2GearJoint.h */ = {isa = PBXFileReference; fileEncoding = 4; lastKnownFileType = sourcecode.c.h; path = b2GearJoint.h; sourceTree = "<group>"; };
		C9BB979B190A4855001F36C1 /* b2Joint.cpp */ = {isa = PBXFileReference; fileEncoding = 4; lastKnownFileType = sourcecode.cpp.cpp; path = b2Joint.cpp; sourceTree = "<group>"; };
		C9BB979C190A4855001F36C1 /* b2Joint.h */ = {isa = PBXFileReference; fileEncoding = 4; lastKnownFileType = sourcecode.c.h; path = b2Joint.h; sourceTree = "<group>"; };
		C9BB979D190A4855001F36C1 /* b2MotorJoint.cpp */ = {isa = PBXFileReference; fileEncoding = 4; lastKnownFileType = sourcecode.cpp.cpp; path = b2MotorJoint.cpp; sourceTree = "<group>"; };
		C9BB979E190A4855001F36C1 /* b2MotorJoint.h */ = {isa = PBXFileReference; fileEncoding = 4; lastKnownFileType = sourcecode.c.h; path = b2MotorJoint.h; sourceTree = "<group>"; };
		C9BB979F190A4855001F36C1 /* b2MouseJoint.cpp */ = {isa = PBXFileReference; fileEncoding = 4; lastKnownFileType = sourcecode.cpp.cpp; path = b2MouseJoint.cpp; sourceTree = "<group>"; };
		C9BB97A0190A4855001F36C1 /* b2MouseJoint.h */ = {isa = PBXFileReference; fileEncoding = 4; lastKnownFileType = sourcecode.c.h; path = b2MouseJoint.h; sourceTree = "<group>"; };
		C9BB97A1190A4855001F36C1 /* b2PrismaticJoint.cpp */ = {isa = PBXFileReference; fileEncoding = 4; lastKnownFileType = sourcecode.cpp.cpp; path = b2PrismaticJoint.cpp; sourceTree = "<group>"; };
		C9BB97A2190A4855001F36C1 /* b2PrismaticJoint.h */ = {isa = PBXFileReference; fileEncoding = 4; lastKnownFileType = sourcecode.c.h; path = b2PrismaticJoint.h; sourceTree = "<group>"; };
		C9BB97A3190A4855001F36C1 /* b2PulleyJoint.cpp */ = {isa = PBXFileReference; fileEncoding = 4; lastKnownFileType = sourcecode.cpp.cpp; path = b2PulleyJoint.cpp; sourceTree = "<group>"; };
		C9BB97A4190A4855001F36C1 /* b2PulleyJoint.h */ = {isa = PBXFileReference; fileEncoding = 4; lastKnownFileType = sourcecode.c.h; path = b2PulleyJoint.h; sourceTree = "<group>"; };
		C9BB97A5190A4855001F36C1 /* b2RevoluteJoint.cpp */ = {isa = PBXFileReference; fileEncoding = 4; lastKnownFileType = sourcecode.cpp.cpp; path = b2RevoluteJoint.cpp; sourceTree = "<group>"; };
		C9BB97A6190A4855001F36C1 /* b2RevoluteJoint.h */ = {isa = PBXFileReference; fileEncoding = 4; lastKnownFileType = sourcecode.c.h; path = b2RevoluteJoint.h; sourceTree = "<group>"; };
		C9BB97A7190A4855001F36C1 /* b2RopeJoint.cpp */ = {isa = PBXFileReference; fileEncoding = 4; lastKnownFileType = sourcecode.cpp.cpp; path = b2RopeJoint.cpp; sourceTree = "<group>"; };
		C9BB97A8190A4855001F36C1 /* b2RopeJoint.h */ = {isa = PBXFileReference; fileEncoding = 4; lastKnownFileType = sourcecode.c.h; path = b2RopeJoint.h; sourceTree = "<group>"; };
		C9BB97A9190A4855001F36C1 /* b2WeldJoint.cpp */ = {isa = PBXFileReference; fileEncoding = 4; lastKnownFileType = sourcecode.cpp.cpp; path = b2WeldJoint.cpp; sourceTree = "<group>"; };
		C9BB97AA190A4855001F36C1 /* b2WeldJoint.h */ = {isa = PBXFileReference; fileEncoding = 4; lastKnownFileType = sourcecode.c.h; path = b2WeldJoint.h; sourceTree = "<group>"; };
		C9BB97AB190A4855001F36C1 /* b2WheelJoint.cpp */ = {isa = PBXFileReference; fileEncoding = 4; lastKnownFileType = sourcecode.cpp.cpp; path = b2WheelJoint.cpp; sourceTree = "<group>"; };
		C9BB97AC190A4855001F36C1 /* b2WheelJoint.h */ = {isa = PBXFileReference; fileEncoding = 4; lastKnownFileType = sourcecode.c.h; path = b2WheelJoint.h; sourceTree = "<group>"; };
		C9BB97AE190A4855001F36C1 /* b2Rope.cpp */ = {isa = PBXFileReference; fileEncoding = 4; lastKnownFileType = sourcecode.cpp.cpp; path = b2Rope.cpp; sourceTree = "<group>"; };
		C9BB97AF190A4855001F36C1 /* b2Rope.h */ = {isa = PBXFileReference; fileEncoding = 4; lastKnownFileType = sourcecode.c.h; path = b2Rope.h; sourceTree = "<group>"; };
		C9F4CABA18C3C1BA0020D812 /* OpenCVTest.app */ = {isa = PBXFileReference; explicitFileType = wrapper.application; includeInIndex = 0; path = OpenCVTest.app; sourceTree = BUILT_PRODUCTS_DIR; };
		C9F4CABD18C3C1BA0020D812 /* Foundation.framework */ = {isa = PBXFileReference; lastKnownFileType = wrapper.framework; name = Foundation.framework; path = System/Library/Frameworks/Foundation.framework; sourceTree = SDKROOT; };
		C9F4CABF18C3C1BA0020D812 /* CoreGraphics.framework */ = {isa = PBXFileReference; lastKnownFileType = wrapper.framework; name = CoreGraphics.framework; path = System/Library/Frameworks/CoreGraphics.framework; sourceTree = SDKROOT; };
		C9F4CAC118C3C1BA0020D812 /* UIKit.framework */ = {isa = PBXFileReference; lastKnownFileType = wrapper.framework; name = UIKit.framework; path = System/Library/Frameworks/UIKit.framework; sourceTree = SDKROOT; };
		C9F4CAC518C3C1BA0020D812 /* OpenCVTest-Info.plist */ = {isa = PBXFileReference; lastKnownFileType = text.plist.xml; path = "OpenCVTest-Info.plist"; sourceTree = "<group>"; };
		C9F4CAC718C3C1BA0020D812 /* en */ = {isa = PBXFileReference; lastKnownFileType = text.plist.strings; name = en; path = en.lproj/InfoPlist.strings; sourceTree = "<group>"; };
		C9F4CAC918C3C1BA0020D812 /* main.m */ = {isa = PBXFileReference; lastKnownFileType = sourcecode.c.objc; path = main.m; sourceTree = "<group>"; };
		C9F4CACB18C3C1BA0020D812 /* OpenCVTest-Prefix.pch */ = {isa = PBXFileReference; lastKnownFileType = sourcecode.c.h; path = "OpenCVTest-Prefix.pch"; sourceTree = "<group>"; };
		C9F4CACC18C3C1BA0020D812 /* AppDelegate.h */ = {isa = PBXFileReference; lastKnownFileType = sourcecode.c.h; path = AppDelegate.h; sourceTree = "<group>"; };
		C9F4CACD18C3C1BA0020D812 /* AppDelegate.m */ = {isa = PBXFileReference; lastKnownFileType = sourcecode.c.objc; path = AppDelegate.m; sourceTree = "<group>"; };
		C9F4CAD018C3C1BA0020D812 /* Base */ = {isa = PBXFileReference; lastKnownFileType = file.storyboard; name = Base; path = Base.lproj/Main.storyboard; sourceTree = "<group>"; };
		C9F4CAD218C3C1BA0020D812 /* ViewController.h */ = {isa = PBXFileReference; lastKnownFileType = sourcecode.c.h; path = ViewController.h; sourceTree = "<group>"; };
		C9F4CAD318C3C1BA0020D812 /* ViewController.mm */ = {isa = PBXFileReference; lastKnownFileType = sourcecode.cpp.objcpp; path = ViewController.mm; sourceTree = "<group>"; };
		C9F4CAD518C3C1BA0020D812 /* Images.xcassets */ = {isa = PBXFileReference; lastKnownFileType = folder.assetcatalog; path = Images.xcassets; sourceTree = "<group>"; };
		C9F4CADB18C3C1BA0020D812 /* OpenCVTestTests.xctest */ = {isa = PBXFileReference; explicitFileType = wrapper.cfbundle; includeInIndex = 0; path = OpenCVTestTests.xctest; sourceTree = BUILT_PRODUCTS_DIR; };
		C9F4CADC18C3C1BA0020D812 /* XCTest.framework */ = {isa = PBXFileReference; lastKnownFileType = wrapper.framework; name = XCTest.framework; path = Library/Frameworks/XCTest.framework; sourceTree = DEVELOPER_DIR; };
		C9F4CAE418C3C1BA0020D812 /* OpenCVTestTests-Info.plist */ = {isa = PBXFileReference; lastKnownFileType = text.plist.xml; path = "OpenCVTestTests-Info.plist"; sourceTree = "<group>"; };
		C9F4CAE618C3C1BA0020D812 /* en */ = {isa = PBXFileReference; lastKnownFileType = text.plist.strings; name = en; path = en.lproj/InfoPlist.strings; sourceTree = "<group>"; };
		C9F4CAE818C3C1BA0020D812 /* OpenCVTestTests.m */ = {isa = PBXFileReference; lastKnownFileType = sourcecode.c.objc; path = OpenCVTestTests.m; sourceTree = "<group>"; };
		C9F4CAF218C3C4480020D812 /* opencv2.framework */ = {isa = PBXFileReference; lastKnownFileType = wrapper.framework; name = opencv2.framework; path = ../../Downloads/opencv2.framework; sourceTree = "<group>"; };
		C9F4CAF418C3DB940020D812 /* Accelerate.framework */ = {isa = PBXFileReference; lastKnownFileType = wrapper.framework; name = Accelerate.framework; path = System/Library/Frameworks/Accelerate.framework; sourceTree = SDKROOT; };
		C9F4CAF518C3DB940020D812 /* AssetsLibrary.framework */ = {isa = PBXFileReference; lastKnownFileType = wrapper.framework; name = AssetsLibrary.framework; path = System/Library/Frameworks/AssetsLibrary.framework; sourceTree = SDKROOT; };
		C9F4CAF618C3DB940020D812 /* AVFoundation.framework */ = {isa = PBXFileReference; lastKnownFileType = wrapper.framework; name = AVFoundation.framework; path = System/Library/Frameworks/AVFoundation.framework; sourceTree = SDKROOT; };
		C9F4CAF718C3DB940020D812 /* CoreImage.framework */ = {isa = PBXFileReference; lastKnownFileType = wrapper.framework; name = CoreImage.framework; path = System/Library/Frameworks/CoreImage.framework; sourceTree = SDKROOT; };
		C9F4CAF818C3DB940020D812 /* CoreMedia.framework */ = {isa = PBXFileReference; lastKnownFileType = wrapper.framework; name = CoreMedia.framework; path = System/Library/Frameworks/CoreMedia.framework; sourceTree = SDKROOT; };
		C9F4CAF918C3DB940020D812 /* CoreVideo.framework */ = {isa = PBXFileReference; lastKnownFileType = wrapper.framework; name = CoreVideo.framework; path = System/Library/Frameworks/CoreVideo.framework; sourceTree = SDKROOT; };
		C9F4CAFA18C3DB940020D812 /* QuartzCore.framework */ = {isa = PBXFileReference; lastKnownFileType = wrapper.framework; name = QuartzCore.framework; path = System/Library/Frameworks/QuartzCore.framework; sourceTree = SDKROOT; };
		C9F4CB0218C3E17D0020D812 /* libz.dylib */ = {isa = PBXFileReference; lastKnownFileType = "compiled.mach-o.dylib"; name = libz.dylib; path = usr/lib/libz.dylib; sourceTree = SDKROOT; };
/* End PBXFileReference section */

/* Begin PBXFrameworksBuildPhase section */
		C9F4CAB718C3C1BA0020D812 /* Frameworks */ = {
			isa = PBXFrameworksBuildPhase;
			buildActionMask = 2147483647;
			files = (
				C9F4CB0318C3E17D0020D812 /* libz.dylib in Frameworks */,
				C9F4CAFB18C3DB940020D812 /* Accelerate.framework in Frameworks */,
				C9F4CAFC18C3DB940020D812 /* AssetsLibrary.framework in Frameworks */,
				C9F4CAFD18C3DB940020D812 /* AVFoundation.framework in Frameworks */,
				C9F4CAFE18C3DB940020D812 /* CoreImage.framework in Frameworks */,
				C9F4CAFF18C3DB940020D812 /* CoreMedia.framework in Frameworks */,
				C9F4CB0018C3DB940020D812 /* CoreVideo.framework in Frameworks */,
				C9F4CB0118C3DB940020D812 /* QuartzCore.framework in Frameworks */,
				C9F4CAC018C3C1BA0020D812 /* CoreGraphics.framework in Frameworks */,
				C9F4CAF318C3C4480020D812 /* opencv2.framework in Frameworks */,
				C9F4CAC218C3C1BA0020D812 /* UIKit.framework in Frameworks */,
				C9F4CABE18C3C1BA0020D812 /* Foundation.framework in Frameworks */,
			);
			runOnlyForDeploymentPostprocessing = 0;
		};
		C9F4CAD818C3C1BA0020D812 /* Frameworks */ = {
			isa = PBXFrameworksBuildPhase;
			buildActionMask = 2147483647;
			files = (
				C9F4CADD18C3C1BA0020D812 /* XCTest.framework in Frameworks */,
				C9F4CADF18C3C1BA0020D812 /* UIKit.framework in Frameworks */,
				C9F4CADE18C3C1BA0020D812 /* Foundation.framework in Frameworks */,
			);
			runOnlyForDeploymentPostprocessing = 0;
		};
/* End PBXFrameworksBuildPhase section */

/* Begin PBXGroup section */
		C90618FE190BAB1D00505EA8 /* Core */ = {
			isa = PBXGroup;
			children = (
				C90618FF190BAB1D00505EA8 /* Globals.cpp */,
				C9061900190BAB1D00505EA8 /* Globals.h */,
				C9061901190BAB1D00505EA8 /* ObjectTrackingClass.cpp */,
				C9061902190BAB1D00505EA8 /* ObjectTrackingClass.h */,
				C9061903190BAB1D00505EA8 /* ObjectTrackingSample.cpp */,
				C9061904190BAB1D00505EA8 /* ObjectTrackingSample.h */,
				C9061905190BAB1D00505EA8 /* SampleBase.cpp */,
				C9061906190BAB1D00505EA8 /* SampleBase.h */,
				C9061907190BAB1D00505EA8 /* SampleOptions.cpp */,
				C9061908190BAB1D00505EA8 /* SampleOptions.h */,
				C9061909190BAB1D00505EA8 /* VideoTracking.cpp */,
				C906190A190BAB1D00505EA8 /* VideoTracking.hpp */,
			);
			path = Core;
			sourceTree = "<group>";
		};
		C9BB974B190A4855001F36C1 /* Box2D */ = {
			isa = PBXGroup;
			children = (
				C9BB974C190A4855001F36C1 /* Box2D.h */,
				C9BB974D190A4855001F36C1 /* Collision */,
				C9BB9765190A4855001F36C1 /* Common */,
				C9BB9773190A4855001F36C1 /* Dynamics */,
				C9BB97AD190A4855001F36C1 /* Rope */,
			);
			path = Box2D;
			sourceTree = "<group>";
		};
		C9BB974D190A4855001F36C1 /* Collision */ = {
			isa = PBXGroup;
			children = (
				C9BB974E190A4855001F36C1 /* b2BroadPhase.cpp */,
				C9BB974F190A4855001F36C1 /* b2BroadPhase.h */,
				C9BB9750190A4855001F36C1 /* b2CollideCircle.cpp */,
				C9BB9751190A4855001F36C1 /* b2CollideEdge.cpp */,
				C9BB9752190A4855001F36C1 /* b2CollidePolygon.cpp */,
				C9BB9753190A4855001F36C1 /* b2Collision.cpp */,
				C9BB9754190A4855001F36C1 /* b2Collision.h */,
				C9BB9755190A4855001F36C1 /* b2Distance.cpp */,
				C9BB9756190A4855001F36C1 /* b2Distance.h */,
				C9BB9757190A4855001F36C1 /* b2DynamicTree.cpp */,
				C9BB9758190A4855001F36C1 /* b2DynamicTree.h */,
				C9BB9759190A4855001F36C1 /* b2TimeOfImpact.cpp */,
				C9BB975A190A4855001F36C1 /* b2TimeOfImpact.h */,
				C9BB975B190A4855001F36C1 /* Shapes */,
			);
			path = Collision;
			sourceTree = "<group>";
		};
		C9BB975B190A4855001F36C1 /* Shapes */ = {
			isa = PBXGroup;
			children = (
				C9BB975C190A4855001F36C1 /* b2ChainShape.cpp */,
				C9BB975D190A4855001F36C1 /* b2ChainShape.h */,
				C9BB975E190A4855001F36C1 /* b2CircleShape.cpp */,
				C9BB975F190A4855001F36C1 /* b2CircleShape.h */,
				C9BB9760190A4855001F36C1 /* b2EdgeShape.cpp */,
				C9BB9761190A4855001F36C1 /* b2EdgeShape.h */,
				C9BB9762190A4855001F36C1 /* b2PolygonShape.cpp */,
				C9BB9763190A4855001F36C1 /* b2PolygonShape.h */,
				C9BB9764190A4855001F36C1 /* b2Shape.h */,
			);
			path = Shapes;
			sourceTree = "<group>";
		};
		C9BB9765190A4855001F36C1 /* Common */ = {
			isa = PBXGroup;
			children = (
				C9BB9766190A4855001F36C1 /* b2BlockAllocator.cpp */,
				C9BB9767190A4855001F36C1 /* b2BlockAllocator.h */,
				C9BB9768190A4855001F36C1 /* b2Draw.cpp */,
				C9BB9769190A4855001F36C1 /* b2Draw.h */,
				C9BB976A190A4855001F36C1 /* b2GrowableStack.h */,
				C9BB976B190A4855001F36C1 /* b2Math.cpp */,
				C9BB976C190A4855001F36C1 /* b2Math.h */,
				C9BB976D190A4855001F36C1 /* b2Settings.cpp */,
				C9BB976E190A4855001F36C1 /* b2Settings.h */,
				C9BB976F190A4855001F36C1 /* b2StackAllocator.cpp */,
				C9BB9770190A4855001F36C1 /* b2StackAllocator.h */,
				C9BB9771190A4855001F36C1 /* b2Timer.cpp */,
				C9BB9772190A4855001F36C1 /* b2Timer.h */,
			);
			path = Common;
			sourceTree = "<group>";
		};
		C9BB9773190A4855001F36C1 /* Dynamics */ = {
			isa = PBXGroup;
			children = (
				C9BB9774190A4855001F36C1 /* b2Body.cpp */,
				C9BB9775190A4855001F36C1 /* b2Body.h */,
				C9BB9776190A4855001F36C1 /* b2ContactManager.cpp */,
				C9BB9777190A4855001F36C1 /* b2ContactManager.h */,
				C9BB9778190A4855001F36C1 /* b2Fixture.cpp */,
				C9BB9779190A4855001F36C1 /* b2Fixture.h */,
				C9BB977A190A4855001F36C1 /* b2Island.cpp */,
				C9BB977B190A4855001F36C1 /* b2Island.h */,
				C9BB977C190A4855001F36C1 /* b2TimeStep.h */,
				C9BB977D190A4855001F36C1 /* b2World.cpp */,
				C9BB977E190A4855001F36C1 /* b2World.h */,
				C9BB977F190A4855001F36C1 /* b2WorldCallbacks.cpp */,
				C9BB9780190A4855001F36C1 /* b2WorldCallbacks.h */,
				C9BB9781190A4855001F36C1 /* Contacts */,
				C9BB9794190A4855001F36C1 /* Joints */,
			);
			path = Dynamics;
			sourceTree = "<group>";
		};
		C9BB9781190A4855001F36C1 /* Contacts */ = {
			isa = PBXGroup;
			children = (
				C9BB9782190A4855001F36C1 /* b2ChainAndCircleContact.cpp */,
				C9BB9783190A4855001F36C1 /* b2ChainAndCircleContact.h */,
				C9BB9784190A4855001F36C1 /* b2ChainAndPolygonContact.cpp */,
				C9BB9785190A4855001F36C1 /* b2ChainAndPolygonContact.h */,
				C9BB9786190A4855001F36C1 /* b2CircleContact.cpp */,
				C9BB9787190A4855001F36C1 /* b2CircleContact.h */,
				C9BB9788190A4855001F36C1 /* b2Contact.cpp */,
				C9BB9789190A4855001F36C1 /* b2Contact.h */,
				C9BB978A190A4855001F36C1 /* b2ContactSolver.cpp */,
				C9BB978B190A4855001F36C1 /* b2ContactSolver.h */,
				C9BB978C190A4855001F36C1 /* b2EdgeAndCircleContact.cpp */,
				C9BB978D190A4855001F36C1 /* b2EdgeAndCircleContact.h */,
				C9BB978E190A4855001F36C1 /* b2EdgeAndPolygonContact.cpp */,
				C9BB978F190A4855001F36C1 /* b2EdgeAndPolygonContact.h */,
				C9BB9790190A4855001F36C1 /* b2PolygonAndCircleContact.cpp */,
				C9BB9791190A4855001F36C1 /* b2PolygonAndCircleContact.h */,
				C9BB9792190A4855001F36C1 /* b2PolygonContact.cpp */,
				C9BB9793190A4855001F36C1 /* b2PolygonContact.h */,
			);
			path = Contacts;
			sourceTree = "<group>";
		};
		C9BB9794190A4855001F36C1 /* Joints */ = {
			isa = PBXGroup;
			children = (
				C9BB9795190A4855001F36C1 /* b2DistanceJoint.cpp */,
				C9BB9796190A4855001F36C1 /* b2DistanceJoint.h */,
				C9BB9797190A4855001F36C1 /* b2FrictionJoint.cpp */,
				C9BB9798190A4855001F36C1 /* b2FrictionJoint.h */,
				C9BB9799190A4855001F36C1 /* b2GearJoint.cpp */,
				C9BB979A190A4855001F36C1 /* b2GearJoint.h */,
				C9BB979B190A4855001F36C1 /* b2Joint.cpp */,
				C9BB979C190A4855001F36C1 /* b2Joint.h */,
				C9BB979D190A4855001F36C1 /* b2MotorJoint.cpp */,
				C9BB979E190A4855001F36C1 /* b2MotorJoint.h */,
				C9BB979F190A4855001F36C1 /* b2MouseJoint.cpp */,
				C9BB97A0190A4855001F36C1 /* b2MouseJoint.h */,
				C9BB97A1190A4855001F36C1 /* b2PrismaticJoint.cpp */,
				C9BB97A2190A4855001F36C1 /* b2PrismaticJoint.h */,
				C9BB97A3190A4855001F36C1 /* b2PulleyJoint.cpp */,
				C9BB97A4190A4855001F36C1 /* b2PulleyJoint.h */,
				C9BB97A5190A4855001F36C1 /* b2RevoluteJoint.cpp */,
				C9BB97A6190A4855001F36C1 /* b2RevoluteJoint.h */,
				C9BB97A7190A4855001F36C1 /* b2RopeJoint.cpp */,
				C9BB97A8190A4855001F36C1 /* b2RopeJoint.h */,
				C9BB97A9190A4855001F36C1 /* b2WeldJoint.cpp */,
				C9BB97AA190A4855001F36C1 /* b2WeldJoint.h */,
				C9BB97AB190A4855001F36C1 /* b2WheelJoint.cpp */,
				C9BB97AC190A4855001F36C1 /* b2WheelJoint.h */,
			);
			path = Joints;
			sourceTree = "<group>";
		};
		C9BB97AD190A4855001F36C1 /* Rope */ = {
			isa = PBXGroup;
			children = (
				C9BB97AE190A4855001F36C1 /* b2Rope.cpp */,
				C9BB97AF190A4855001F36C1 /* b2Rope.h */,
			);
			path = Rope;
			sourceTree = "<group>";
		};
		C9F4CAB118C3C1BA0020D812 = {
			isa = PBXGroup;
			children = (
				C90618FE190BAB1D00505EA8 /* Core */,
				C9BB974B190A4855001F36C1 /* Box2D */,
				C9F4CAC318C3C1BA0020D812 /* OpenCVTest */,
				C9F4CAE218C3C1BA0020D812 /* OpenCVTestTests */,
				C9F4CABC18C3C1BA0020D812 /* Frameworks */,
				C9F4CABB18C3C1BA0020D812 /* Products */,
			);
			sourceTree = "<group>";
		};
		C9F4CABB18C3C1BA0020D812 /* Products */ = {
			isa = PBXGroup;
			children = (
				C9F4CABA18C3C1BA0020D812 /* OpenCVTest.app */,
				C9F4CADB18C3C1BA0020D812 /* OpenCVTestTests.xctest */,
			);
			name = Products;
			sourceTree = "<group>";
		};
		C9F4CABC18C3C1BA0020D812 /* Frameworks */ = {
			isa = PBXGroup;
			children = (
				C9F4CB0218C3E17D0020D812 /* libz.dylib */,
				C9F4CAF418C3DB940020D812 /* Accelerate.framework */,
				C9F4CAF518C3DB940020D812 /* AssetsLibrary.framework */,
				C9F4CAF618C3DB940020D812 /* AVFoundation.framework */,
				C9F4CAF718C3DB940020D812 /* CoreImage.framework */,
				C9F4CAF818C3DB940020D812 /* CoreMedia.framework */,
				C9F4CAF918C3DB940020D812 /* CoreVideo.framework */,
				C9F4CAFA18C3DB940020D812 /* QuartzCore.framework */,
				C9F4CAF218C3C4480020D812 /* opencv2.framework */,
				C9F4CABD18C3C1BA0020D812 /* Foundation.framework */,
				C9F4CABF18C3C1BA0020D812 /* CoreGraphics.framework */,
				C9F4CAC118C3C1BA0020D812 /* UIKit.framework */,
				C9F4CADC18C3C1BA0020D812 /* XCTest.framework */,
			);
			name = Frameworks;
			sourceTree = "<group>";
		};
		C9F4CAC318C3C1BA0020D812 /* OpenCVTest */ = {
			isa = PBXGroup;
			children = (
				C9F4CACC18C3C1BA0020D812 /* AppDelegate.h */,
				C9F4CACD18C3C1BA0020D812 /* AppDelegate.m */,
				C9F4CACF18C3C1BA0020D812 /* Main.storyboard */,
				C9F4CAD218C3C1BA0020D812 /* ViewController.h */,
				C9F4CAD318C3C1BA0020D812 /* ViewController.mm */,
				C9F4CAD518C3C1BA0020D812 /* Images.xcassets */,
				C9F4CAC418C3C1BA0020D812 /* Supporting Files */,
			);
			path = OpenCVTest;
			sourceTree = "<group>";
		};
		C9F4CAC418C3C1BA0020D812 /* Supporting Files */ = {
			isa = PBXGroup;
			children = (
				C9F4CAC518C3C1BA0020D812 /* OpenCVTest-Info.plist */,
				C9F4CAC618C3C1BA0020D812 /* InfoPlist.strings */,
				C9F4CAC918C3C1BA0020D812 /* main.m */,
				C9F4CACB18C3C1BA0020D812 /* OpenCVTest-Prefix.pch */,
			);
			name = "Supporting Files";
			sourceTree = "<group>";
		};
		C9F4CAE218C3C1BA0020D812 /* OpenCVTestTests */ = {
			isa = PBXGroup;
			children = (
				C9F4CAE818C3C1BA0020D812 /* OpenCVTestTests.m */,
				C9F4CAE318C3C1BA0020D812 /* Supporting Files */,
			);
			path = OpenCVTestTests;
			sourceTree = "<group>";
		};
		C9F4CAE318C3C1BA0020D812 /* Supporting Files */ = {
			isa = PBXGroup;
			children = (
				C9F4CAE418C3C1BA0020D812 /* OpenCVTestTests-Info.plist */,
				C9F4CAE518C3C1BA0020D812 /* InfoPlist.strings */,
			);
			name = "Supporting Files";
			sourceTree = "<group>";
		};
/* End PBXGroup section */

/* Begin PBXNativeTarget section */
		C9F4CAB918C3C1BA0020D812 /* OpenCVTest */ = {
			isa = PBXNativeTarget;
			buildConfigurationList = C9F4CAEC18C3C1BA0020D812 /* Build configuration list for PBXNativeTarget "OpenCVTest" */;
			buildPhases = (
				C9F4CAB618C3C1BA0020D812 /* Sources */,
				C9F4CAB718C3C1BA0020D812 /* Frameworks */,
				C9F4CAB818C3C1BA0020D812 /* Resources */,
			);
			buildRules = (
			);
			dependencies = (
			);
			name = OpenCVTest;
			productName = OpenCVTest;
			productReference = C9F4CABA18C3C1BA0020D812 /* OpenCVTest.app */;
			productType = "com.apple.product-type.application";
		};
		C9F4CADA18C3C1BA0020D812 /* OpenCVTestTests */ = {
			isa = PBXNativeTarget;
			buildConfigurationList = C9F4CAEF18C3C1BA0020D812 /* Build configuration list for PBXNativeTarget "OpenCVTestTests" */;
			buildPhases = (
				C9F4CAD718C3C1BA0020D812 /* Sources */,
				C9F4CAD818C3C1BA0020D812 /* Frameworks */,
				C9F4CAD918C3C1BA0020D812 /* Resources */,
			);
			buildRules = (
			);
			dependencies = (
				C9F4CAE118C3C1BA0020D812 /* PBXTargetDependency */,
			);
			name = OpenCVTestTests;
			productName = OpenCVTestTests;
			productReference = C9F4CADB18C3C1BA0020D812 /* OpenCVTestTests.xctest */;
			productType = "com.apple.product-type.bundle.unit-test";
		};
/* End PBXNativeTarget section */

/* Begin PBXProject section */
		C9F4CAB218C3C1BA0020D812 /* Project object */ = {
			isa = PBXProject;
			attributes = {
				LastUpgradeCheck = 0500;
				ORGANIZATIONNAME = "Ziv Levy";
				TargetAttributes = {
					C9F4CADA18C3C1BA0020D812 = {
						TestTargetID = C9F4CAB918C3C1BA0020D812;
					};
				};
			};
			buildConfigurationList = C9F4CAB518C3C1BA0020D812 /* Build configuration list for PBXProject "OpenCVTest" */;
			compatibilityVersion = "Xcode 3.2";
			developmentRegion = English;
			hasScannedForEncodings = 0;
			knownRegions = (
				en,
				Base,
			);
			mainGroup = C9F4CAB118C3C1BA0020D812;
			productRefGroup = C9F4CABB18C3C1BA0020D812 /* Products */;
			projectDirPath = "";
			projectRoot = "";
			targets = (
				C9F4CAB918C3C1BA0020D812 /* OpenCVTest */,
				C9F4CADA18C3C1BA0020D812 /* OpenCVTestTests */,
			);
		};
/* End PBXProject section */

/* Begin PBXResourcesBuildPhase section */
		C9F4CAB818C3C1BA0020D812 /* Resources */ = {
			isa = PBXResourcesBuildPhase;
			buildActionMask = 2147483647;
			files = (
				C9F4CAD618C3C1BA0020D812 /* Images.xcassets in Resources */,
				C9F4CAC818C3C1BA0020D812 /* InfoPlist.strings in Resources */,
				C9F4CAD118C3C1BA0020D812 /* Main.storyboard in Resources */,
			);
			runOnlyForDeploymentPostprocessing = 0;
		};
		C9F4CAD918C3C1BA0020D812 /* Resources */ = {
			isa = PBXResourcesBuildPhase;
			buildActionMask = 2147483647;
			files = (
				C9F4CAE718C3C1BA0020D812 /* InfoPlist.strings in Resources */,
			);
			runOnlyForDeploymentPostprocessing = 0;
		};
/* End PBXResourcesBuildPhase section */

/* Begin PBXSourcesBuildPhase section */
		C9F4CAB618C3C1BA0020D812 /* Sources */ = {
			isa = PBXSourcesBuildPhase;
			buildActionMask = 2147483647;
			files = (
				C9061910190BAB1D00505EA8 /* VideoTracking.cpp in Sources */,
				C9BB97D0190A4855001F36C1 /* b2PolygonContact.cpp in Sources */,
				C9BB97BC190A4855001F36C1 /* b2BlockAllocator.cpp in Sources */,
				C9BB97D7190A4855001F36C1 /* b2PrismaticJoint.cpp in Sources */,
				C9BB97B4190A4855001F36C1 /* b2Collision.cpp in Sources */,
				C9BB97CD190A4855001F36C1 /* b2EdgeAndCircleContact.cpp in Sources */,
				C9BB97BE190A4855001F36C1 /* b2Math.cpp in Sources */,
				C9F4CAD418C3C1BA0020D812 /* ViewController.mm in Sources */,
				C9BB97DA190A4855001F36C1 /* b2RopeJoint.cpp in Sources */,
				C9BB97BA190A4855001F36C1 /* b2EdgeShape.cpp in Sources */,
				C9BB97B9190A4855001F36C1 /* b2CircleShape.cpp in Sources */,
				C9BB97D6190A4855001F36C1 /* b2MouseJoint.cpp in Sources */,
				C9BB97C8190A4855001F36C1 /* b2ChainAndCircleContact.cpp in Sources */,
				C906190E190BAB1D00505EA8 /* SampleBase.cpp in Sources */,
				C9F4CACE18C3C1BA0020D812 /* AppDelegate.m in Sources */,
				C9BB97B3190A4855001F36C1 /* b2CollidePolygon.cpp in Sources */,
				C9BB97D1190A4855001F36C1 /* b2DistanceJoint.cpp in Sources */,
				C9BB97C5190A4855001F36C1 /* b2Island.cpp in Sources */,
				C9BB97BF190A4855001F36C1 /* b2Settings.cpp in Sources */,
				C9BB97CA190A4855001F36C1 /* b2CircleContact.cpp in Sources */,
				C9BB97C9190A4855001F36C1 /* b2ChainAndPolygonContact.cpp in Sources */,
				C9BB97C6190A4855001F36C1 /* b2World.cpp in Sources */,
				C9BB97CB190A4855001F36C1 /* b2Contact.cpp in Sources */,
				C9BB97B1190A4855001F36C1 /* b2CollideCircle.cpp in Sources */,
				C9BB97C2190A4855001F36C1 /* b2Body.cpp in Sources */,
				C9F4CACA18C3C1BA0020D812 /* main.m in Sources */,
				C9BB97C1190A4855001F36C1 /* b2Timer.cpp in Sources */,
				C9BB97C0190A4855001F36C1 /* b2StackAllocator.cpp in Sources */,
				C9BB97C4190A4855001F36C1 /* b2Fixture.cpp in Sources */,
				C9BB97B8190A4855001F36C1 /* b2ChainShape.cpp in Sources */,
				C9BB97CE190A4855001F36C1 /* b2EdgeAndPolygonContact.cpp in Sources */,
				C9BB97C7190A4855001F36C1 /* b2WorldCallbacks.cpp in Sources */,
				C9BB97DD190A4855001F36C1 /* b2Rope.cpp in Sources */,
				C9BB97D2190A4855001F36C1 /* b2FrictionJoint.cpp in Sources */,
				C9BB97BB190A4855001F36C1 /* b2PolygonShape.cpp in Sources */,
				C9BB97B6190A4855001F36C1 /* b2DynamicTree.cpp in Sources */,
				C9BB97B2190A4855001F36C1 /* b2CollideEdge.cpp in Sources */,
				C9BB97CF190A4855001F36C1 /* b2PolygonAndCircleContact.cpp in Sources */,
				C9BB97DB190A4855001F36C1 /* b2WeldJoint.cpp in Sources */,
				C9BB97D4190A4855001F36C1 /* b2Joint.cpp in Sources */,
				C906190B190BAB1D00505EA8 /* Globals.cpp in Sources */,
				C9BB97B7190A4855001F36C1 /* b2TimeOfImpact.cpp in Sources */,
				C9BB97BD190A4855001F36C1 /* b2Draw.cpp in Sources */,
				C906190F190BAB1D00505EA8 /* SampleOptions.cpp in Sources */,
				C906190D190BAB1D00505EA8 /* ObjectTrackingSample.cpp in Sources */,
				C9BB97D5190A4855001F36C1 /* b2MotorJoint.cpp in Sources */,
				C9BB97B5190A4855001F36C1 /* b2Distance.cpp in Sources */,
				C9BB97D9190A4855001F36C1 /* b2RevoluteJoint.cpp in Sources */,
				C9BB97C3190A4855001F36C1 /* b2ContactManager.cpp in Sources */,
				C9BB97CC190A4855001F36C1 /* b2ContactSolver.cpp in Sources */,
				C9BB97B0190A4855001F36C1 /* b2BroadPhase.cpp in Sources */,
				C906190C190BAB1D00505EA8 /* ObjectTrackingClass.cpp in Sources */,
				C9BB97D3190A4855001F36C1 /* b2GearJoint.cpp in Sources */,
				C9BB97DC190A4855001F36C1 /* b2WheelJoint.cpp in Sources */,
				C9BB97D8190A4855001F36C1 /* b2PulleyJoint.cpp in Sources */,
			);
			runOnlyForDeploymentPostprocessing = 0;
		};
		C9F4CAD718C3C1BA0020D812 /* Sources */ = {
			isa = PBXSourcesBuildPhase;
			buildActionMask = 2147483647;
			files = (
				C9F4CAE918C3C1BA0020D812 /* OpenCVTestTests.m in Sources */,
			);
			runOnlyForDeploymentPostprocessing = 0;
		};
/* End PBXSourcesBuildPhase section */

/* Begin PBXTargetDependency section */
		C9F4CAE118C3C1BA0020D812 /* PBXTargetDependency */ = {
			isa = PBXTargetDependency;
			target = C9F4CAB918C3C1BA0020D812 /* OpenCVTest */;
			targetProxy = C9F4CAE018C3C1BA0020D812 /* PBXContainerItemProxy */;
		};
/* End PBXTargetDependency section */

/* Begin PBXVariantGroup section */
		C9F4CAC618C3C1BA0020D812 /* InfoPlist.strings */ = {
			isa = PBXVariantGroup;
			children = (
				C9F4CAC718C3C1BA0020D812 /* en */,
			);
			name = InfoPlist.strings;
			sourceTree = "<group>";
		};
		C9F4CACF18C3C1BA0020D812 /* Main.storyboard */ = {
			isa = PBXVariantGroup;
			children = (
				C9F4CAD018C3C1BA0020D812 /* Base */,
			);
			name = Main.storyboard;
			sourceTree = "<group>";
		};
		C9F4CAE518C3C1BA0020D812 /* InfoPlist.strings */ = {
			isa = PBXVariantGroup;
			children = (
				C9F4CAE618C3C1BA0020D812 /* en */,
			);
			name = InfoPlist.strings;
			sourceTree = "<group>";
		};
/* End PBXVariantGroup section */

/* Begin XCBuildConfiguration section */
		C9F4CAEA18C3C1BA0020D812 /* Debug */ = {
			isa = XCBuildConfiguration;
			buildSettings = {
				ALWAYS_SEARCH_USER_PATHS = NO;
				ARCHS = "$(ARCHS_STANDARD_INCLUDING_64_BIT)";
				CLANG_CXX_LANGUAGE_STANDARD = "gnu++0x";
				CLANG_CXX_LIBRARY = "libc++";
				CLANG_ENABLE_MODULES = YES;
				CLANG_ENABLE_OBJC_ARC = YES;
				CLANG_WARN_BOOL_CONVERSION = YES;
				CLANG_WARN_CONSTANT_CONVERSION = YES;
				CLANG_WARN_DIRECT_OBJC_ISA_USAGE = YES_ERROR;
				CLANG_WARN_EMPTY_BODY = YES;
				CLANG_WARN_ENUM_CONVERSION = YES;
				CLANG_WARN_INT_CONVERSION = YES;
				CLANG_WARN_OBJC_ROOT_CLASS = YES_ERROR;
				CLANG_WARN__DUPLICATE_METHOD_MATCH = YES;
				"CODE_SIGN_IDENTITY[sdk=iphoneos*]" = "iPhone Developer";
				COPY_PHASE_STRIP = NO;
				GCC_C_LANGUAGE_STANDARD = gnu99;
				GCC_DYNAMIC_NO_PIC = NO;
				GCC_OPTIMIZATION_LEVEL = 0;
				GCC_PREPROCESSOR_DEFINITIONS = (
					"DEBUG=1",
					"$(inherited)",
				);
				GCC_SYMBOLS_PRIVATE_EXTERN = NO;
				GCC_WARN_64_TO_32_BIT_CONVERSION = YES;
				GCC_WARN_ABOUT_RETURN_TYPE = YES_ERROR;
				GCC_WARN_UNDECLARED_SELECTOR = YES;
				GCC_WARN_UNINITIALIZED_AUTOS = YES;
				GCC_WARN_UNUSED_FUNCTION = YES;
				GCC_WARN_UNUSED_VARIABLE = YES;
				IPHONEOS_DEPLOYMENT_TARGET = 7.0;
				ONLY_ACTIVE_ARCH = YES;
				SDKROOT = iphoneos;
			};
			name = Debug;
		};
		C9F4CAEB18C3C1BA0020D812 /* Release */ = {
			isa = XCBuildConfiguration;
			buildSettings = {
				ALWAYS_SEARCH_USER_PATHS = NO;
				ARCHS = "$(ARCHS_STANDARD_INCLUDING_64_BIT)";
				CLANG_CXX_LANGUAGE_STANDARD = "gnu++0x";
				CLANG_CXX_LIBRARY = "libc++";
				CLANG_ENABLE_MODULES = YES;
				CLANG_ENABLE_OBJC_ARC = YES;
				CLANG_WARN_BOOL_CONVERSION = YES;
				CLANG_WARN_CONSTANT_CONVERSION = YES;
				CLANG_WARN_DIRECT_OBJC_ISA_USAGE = YES_ERROR;
				CLANG_WARN_EMPTY_BODY = YES;
				CLANG_WARN_ENUM_CONVERSION = YES;
				CLANG_WARN_INT_CONVERSION = YES;
				CLANG_WARN_OBJC_ROOT_CLASS = YES_ERROR;
				CLANG_WARN__DUPLICATE_METHOD_MATCH = YES;
				"CODE_SIGN_IDENTITY[sdk=iphoneos*]" = "iPhone Developer";
				COPY_PHASE_STRIP = YES;
				ENABLE_NS_ASSERTIONS = NO;
				GCC_C_LANGUAGE_STANDARD = gnu99;
				GCC_WARN_64_TO_32_BIT_CONVERSION = YES;
				GCC_WARN_ABOUT_RETURN_TYPE = YES_ERROR;
				GCC_WARN_UNDECLARED_SELECTOR = YES;
				GCC_WARN_UNINITIALIZED_AUTOS = YES;
				GCC_WARN_UNUSED_FUNCTION = YES;
				GCC_WARN_UNUSED_VARIABLE = YES;
				IPHONEOS_DEPLOYMENT_TARGET = 7.0;
				SDKROOT = iphoneos;
				VALIDATE_PRODUCT = YES;
			};
			name = Release;
		};
		C9F4CAED18C3C1BA0020D812 /* Debug */ = {
			isa = XCBuildConfiguration;
			buildSettings = {
				ASSETCATALOG_COMPILER_APPICON_NAME = AppIcon;
				ASSETCATALOG_COMPILER_LAUNCHIMAGE_NAME = LaunchImage;
				FRAMEWORK_SEARCH_PATHS = (
					"$(inherited)",
					/Users/zivl/Downloads,
				);
				GCC_PRECOMPILE_PREFIX_HEADER = YES;
				GCC_PREFIX_HEADER = "OpenCVTest/OpenCVTest-Prefix.pch";
				HEADER_SEARCH_PATHS = (
					"$(inherited)",
					"/Users/zivl/workspace/OpenCVTest/**",
					/Applications/Xcode.app/Contents/Developer/Toolchains/XcodeDefault.xctoolchain/usr/include,
				);
				INFOPLIST_FILE = "OpenCVTest/OpenCVTest-Info.plist";
				PRODUCT_NAME = "$(TARGET_NAME)";
				WRAPPER_EXTENSION = app;
			};
			name = Debug;
		};
		C9F4CAEE18C3C1BA0020D812 /* Release */ = {
			isa = XCBuildConfiguration;
			buildSettings = {
				ASSETCATALOG_COMPILER_APPICON_NAME = AppIcon;
				ASSETCATALOG_COMPILER_LAUNCHIMAGE_NAME = LaunchImage;
				FRAMEWORK_SEARCH_PATHS = (
					"$(inherited)",
					/Users/zivl/Downloads,
				);
				GCC_PRECOMPILE_PREFIX_HEADER = YES;
				GCC_PREFIX_HEADER = "OpenCVTest/OpenCVTest-Prefix.pch";
				HEADER_SEARCH_PATHS = (
					"$(inherited)",
					"/Users/zivl/workspace/OpenCVTest/**",
					/Applications/Xcode.app/Contents/Developer/Toolchains/XcodeDefault.xctoolchain/usr/include,
				);
				INFOPLIST_FILE = "OpenCVTest/OpenCVTest-Info.plist";
				PRODUCT_NAME = "$(TARGET_NAME)";
				WRAPPER_EXTENSION = app;
			};
			name = Release;
		};
		C9F4CAF018C3C1BA0020D812 /* Debug */ = {
			isa = XCBuildConfiguration;
			buildSettings = {
				ARCHS = "$(ARCHS_STANDARD_INCLUDING_64_BIT)";
				BUNDLE_LOADER = "$(BUILT_PRODUCTS_DIR)/OpenCVTest.app/OpenCVTest";
				FRAMEWORK_SEARCH_PATHS = (
					"$(SDKROOT)/Developer/Library/Frameworks",
					"$(inherited)",
					"$(DEVELOPER_FRAMEWORKS_DIR)",
				);
				GCC_PRECOMPILE_PREFIX_HEADER = YES;
				GCC_PREFIX_HEADER = "OpenCVTest/OpenCVTest-Prefix.pch";
				GCC_PREPROCESSOR_DEFINITIONS = (
					"DEBUG=1",
					"$(inherited)",
				);
				INFOPLIST_FILE = "OpenCVTestTests/OpenCVTestTests-Info.plist";
				PRODUCT_NAME = "$(TARGET_NAME)";
				TEST_HOST = "$(BUNDLE_LOADER)";
				WRAPPER_EXTENSION = xctest;
			};
			name = Debug;
		};
		C9F4CAF118C3C1BA0020D812 /* Release */ = {
			isa = XCBuildConfiguration;
			buildSettings = {
				ARCHS = "$(ARCHS_STANDARD_INCLUDING_64_BIT)";
				BUNDLE_LOADER = "$(BUILT_PRODUCTS_DIR)/OpenCVTest.app/OpenCVTest";
				FRAMEWORK_SEARCH_PATHS = (
					"$(SDKROOT)/Developer/Library/Frameworks",
					"$(inherited)",
					"$(DEVELOPER_FRAMEWORKS_DIR)",
				);
				GCC_PRECOMPILE_PREFIX_HEADER = YES;
				GCC_PREFIX_HEADER = "OpenCVTest/OpenCVTest-Prefix.pch";
				INFOPLIST_FILE = "OpenCVTestTests/OpenCVTestTests-Info.plist";
				PRODUCT_NAME = "$(TARGET_NAME)";
				TEST_HOST = "$(BUNDLE_LOADER)";
				WRAPPER_EXTENSION = xctest;
			};
			name = Release;
		};
/* End XCBuildConfiguration section */

/* Begin XCConfigurationList section */
		C9F4CAB518C3C1BA0020D812 /* Build configuration list for PBXProject "OpenCVTest" */ = {
			isa = XCConfigurationList;
			buildConfigurations = (
				C9F4CAEA18C3C1BA0020D812 /* Debug */,
				C9F4CAEB18C3C1BA0020D812 /* Release */,
			);
			defaultConfigurationIsVisible = 0;
			defaultConfigurationName = Release;
		};
		C9F4CAEC18C3C1BA0020D812 /* Build configuration list for PBXNativeTarget "OpenCVTest" */ = {
			isa = XCConfigurationList;
			buildConfigurations = (
				C9F4CAED18C3C1BA0020D812 /* Debug */,
				C9F4CAEE18C3C1BA0020D812 /* Release */,
			);
			defaultConfigurationIsVisible = 0;
			defaultConfigurationName = Release;
		};
		C9F4CAEF18C3C1BA0020D812 /* Build configuration list for PBXNativeTarget "OpenCVTestTests" */ = {
			isa = XCConfigurationList;
			buildConfigurations = (
				C9F4CAF018C3C1BA0020D812 /* Debug */,
				C9F4CAF118C3C1BA0020D812 /* Release */,
			);
			defaultConfigurationIsVisible = 0;
			defaultConfigurationName = Release;
		};
/* End XCConfigurationList section */
	};
	rootObject = C9F4CAB218C3C1BA0020D812 /* Project object */;
}
